
Microsoft Visual Studio Solution File, Format Version 12.00
# Visual Studio Version 17
VisualStudioVersion = 17.8.34511.84
MinimumVisualStudioVersion = 10.0.40219.1
Project("{FAE04EC0-301F-11D3-BF4B-00C04F79EFBC}") = "Delegates&LINQ", "Delegates&LINQ\Delegates&LINQ.csproj", "{0D7DAF70-90D9-4999-9C10-F64187531FCD}"
EndProject
Global
	GlobalSection(SolutionConfigurationPlatforms) = preSolution
		Debug|Any CPU = Debug|Any CPU
		Release|Any CPU = Release|Any CPU
	EndGlobalSection
	GlobalSection(ProjectConfigurationPlatforms) = postSolution
		{0D7DAF70-90D9-4999-9C10-F64187531FCD}.Debug|Any CPU.ActiveCfg = Debug|Any CPU
		{0D7DAF70-90D9-4999-9C10-F64187531FCD}.Debug|Any CPU.Build.0 = Debug|Any CPU
		{0D7DAF70-90D9-4999-9C10-F64187531FCD}.Release|Any CPU.ActiveCfg = Release|Any CPU
		{0D7DAF70-90D9-4999-9C10-F64187531FCD}.Release|Any CPU.Build.0 = Release|Any CPU
	EndGlobalSection
	GlobalSection(SolutionProperties) = preSolution
		HideSolutionNode = FALSE
	EndGlobalSection
	GlobalSection(ExtensibilityGlobals) = postSolution
		SolutionGuid = {D3CC6679-B759-437B-B78B-CD3275A97D19}
	EndGlobalSection
EndGlobal
